{
  "requires": true,
  "lockfileVersion": 1,
  "dependencies": {
    "@escook/request-miniprogram": {
      "version": "0.2.1",
      "resolved": "https://registry.npm.taobao.org/@escook/request-miniprogram/download/@escook/request-miniprogram-0.2.1.tgz",
      "integrity": "sha1-w7EySfWpRgHylJ9NaCRd+aVoOBk="
    }
  }
}
